
Microsoft Visual Studio Solution File, Format Version 12.00
# Visual Studio Version 17
VisualStudioVersion = 17.8.34511.84
MinimumVisualStudioVersion = 10.0.40219.1
Project("{8BC9CEB8-8B4A-11D0-8D11-00A0C91BC942}") = "CSC223ReviewProject", "CSC223ReviewProject.vcxproj", "{29907488-AB4F-4704-A316-CD8FBE5FBF88}"
EndProject
Global
	GlobalSection(SolutionConfigurationPlatforms) = preSolution
		Debug|x64 = Debug|x64
		Debug|x86 = Debug|x86
		Release|x64 = Release|x64
		Release|x86 = Release|x86
	EndGlobalSection
	GlobalSection(ProjectConfigurationPlatforms) = postSolution
		{29907488-AB4F-4704-A316-CD8FBE5FBF88}.Debug|x64.ActiveCfg = Debug|x64
		{29907488-AB4F-4704-A316-CD8FBE5FBF88}.Debug|x64.Build.0 = Debug|x64
		{29907488-AB4F-4704-A316-CD8FBE5FBF88}.Debug|x86.ActiveCfg = Debug|Win32
		{29907488-AB4F-4704-A316-CD8FBE5FBF88}.Debug|x86.Build.0 = Debug|Win32
		{29907488-AB4F-4704-A316-CD8FBE5FBF88}.Release|x64.ActiveCfg = Release|x64
		{29907488-AB4F-4704-A316-CD8FBE5FBF88}.Release|x64.Build.0 = Release|x64
		{29907488-AB4F-4704-A316-CD8FBE5FBF88}.Release|x86.ActiveCfg = Release|Win32
		{29907488-AB4F-4704-A316-CD8FBE5FBF88}.Release|x86.Build.0 = Release|Win32
	EndGlobalSection
	GlobalSection(SolutionProperties) = preSolution
		HideSolutionNode = FALSE
	EndGlobalSection
	GlobalSection(ExtensibilityGlobals) = postSolution
		SolutionGuid = {CF9C763D-3F93-4755-843C-A3B7F994BF95}
	EndGlobalSection
EndGlobal
